
Microsoft Visual Studio Solution File, Format Version 12.00
# Visual Studio Version 16
VisualStudioVersion = 16.0.29613.14
MinimumVisualStudioVersion = 10.0.40219.1
Project("{FAE04EC0-301F-11D3-BF4B-00C04F79EFBC}") = "CF.Common", "CF.Common\CF.Common.csproj", "{46411928-E051-4700-A2B9-C8F1251837FA}"
EndProject
Project("{FAE04EC0-301F-11D3-BF4B-00C04F79EFBC}") = "CF.Dal", "CF.Dal\CF.Dal.csproj", "{DE012692-1FF1-45C2-AA3B-73474DAD139E}"
EndProject
Project("{FAE04EC0-301F-11D3-BF4B-00C04F79EFBC}") = "CF.Map", "CF.Map\CF.Map.csproj", "{7258151E-C8ED-47EF-980F-ADC6C6C49A6C}"
EndProject
Project("{FAE04EC0-301F-11D3-BF4B-00C04F79EFBC}") = "CF.Model", "CF.Model\CF.Model.csproj", "{DB5563E8-F588-45F9-9FAB-D6B28B83EFCC}"
EndProject
Project("{FAE04EC0-301F-11D3-BF4B-00C04F79EFBC}") = "CF.Service", "CF.Service\CF.Service.csproj", "{FA4905BD-57EE-477C-AD71-87D74A5037DC}"
EndProject
Project("{FAE04EC0-301F-11D3-BF4B-00C04F79EFBC}") = "CF.WebUI", "CF.WebUI\CF.WebUI.csproj", "{47D24672-9D41-4C25-A904-1C4936481EA7}"
EndProject
Global
	GlobalSection(SolutionConfigurationPlatforms) = preSolution
		Debug|Any CPU = Debug|Any CPU
		Release|Any CPU = Release|Any CPU
	EndGlobalSection
	GlobalSection(ProjectConfigurationPlatforms) = postSolution
		{46411928-E051-4700-A2B9-C8F1251837FA}.Debug|Any CPU.ActiveCfg = Debug|Any CPU
		{46411928-E051-4700-A2B9-C8F1251837FA}.Debug|Any CPU.Build.0 = Debug|Any CPU
		{46411928-E051-4700-A2B9-C8F1251837FA}.Release|Any CPU.ActiveCfg = Release|Any CPU
		{46411928-E051-4700-A2B9-C8F1251837FA}.Release|Any CPU.Build.0 = Release|Any CPU
		{DE012692-1FF1-45C2-AA3B-73474DAD139E}.Debug|Any CPU.ActiveCfg = Debug|Any CPU
		{DE012692-1FF1-45C2-AA3B-73474DAD139E}.Debug|Any CPU.Build.0 = Debug|Any CPU
		{DE012692-1FF1-45C2-AA3B-73474DAD139E}.Release|Any CPU.ActiveCfg = Release|Any CPU
		{DE012692-1FF1-45C2-AA3B-73474DAD139E}.Release|Any CPU.Build.0 = Release|Any CPU
		{7258151E-C8ED-47EF-980F-ADC6C6C49A6C}.Debug|Any CPU.ActiveCfg = Debug|Any CPU
		{7258151E-C8ED-47EF-980F-ADC6C6C49A6C}.Debug|Any CPU.Build.0 = Debug|Any CPU
		{7258151E-C8ED-47EF-980F-ADC6C6C49A6C}.Release|Any CPU.ActiveCfg = Release|Any CPU
		{7258151E-C8ED-47EF-980F-ADC6C6C49A6C}.Release|Any CPU.Build.0 = Release|Any CPU
		{DB5563E8-F588-45F9-9FAB-D6B28B83EFCC}.Debug|Any CPU.ActiveCfg = Debug|Any CPU
		{DB5563E8-F588-45F9-9FAB-D6B28B83EFCC}.Debug|Any CPU.Build.0 = Debug|Any CPU
		{DB5563E8-F588-45F9-9FAB-D6B28B83EFCC}.Release|Any CPU.ActiveCfg = Release|Any CPU
		{DB5563E8-F588-45F9-9FAB-D6B28B83EFCC}.Release|Any CPU.Build.0 = Release|Any CPU
		{FA4905BD-57EE-477C-AD71-87D74A5037DC}.Debug|Any CPU.ActiveCfg = Debug|Any CPU
		{FA4905BD-57EE-477C-AD71-87D74A5037DC}.Debug|Any CPU.Build.0 = Debug|Any CPU
		{FA4905BD-57EE-477C-AD71-87D74A5037DC}.Release|Any CPU.ActiveCfg = Release|Any CPU
		{FA4905BD-57EE-477C-AD71-87D74A5037DC}.Release|Any CPU.Build.0 = Release|Any CPU
		{47D24672-9D41-4C25-A904-1C4936481EA7}.Debug|Any CPU.ActiveCfg = Debug|Any CPU
		{47D24672-9D41-4C25-A904-1C4936481EA7}.Debug|Any CPU.Build.0 = Debug|Any CPU
		{47D24672-9D41-4C25-A904-1C4936481EA7}.Release|Any CPU.ActiveCfg = Release|Any CPU
		{47D24672-9D41-4C25-A904-1C4936481EA7}.Release|Any CPU.Build.0 = Release|Any CPU
	EndGlobalSection
	GlobalSection(SolutionProperties) = preSolution
		HideSolutionNode = FALSE
	EndGlobalSection
	GlobalSection(ExtensibilityGlobals) = postSolution
		SolutionGuid = {B6B581CF-4FFE-43EE-AF41-F1B6FA85AB96}
	EndGlobalSection
EndGlobal
